
Microsoft Visual Studio Solution File, Format Version 12.00
# Visual Studio Version 17
VisualStudioVersion = 17.1.32210.238
MinimumVisualStudioVersion = 10.0.40219.1
Project("{FAE04EC0-301F-11D3-BF4B-00C04F79EFBC}") = "Week12_C_4", "Week12_C_4\Week12_C_4.csproj", "{4A10228C-E64B-481E-B1B2-733F15F843B9}"
EndProject
Global
	GlobalSection(SolutionConfigurationPlatforms) = preSolution
		Debug|Any CPU = Debug|Any CPU
		Release|Any CPU = Release|Any CPU
	EndGlobalSection
	GlobalSection(ProjectConfigurationPlatforms) = postSolution
		{4A10228C-E64B-481E-B1B2-733F15F843B9}.Debug|Any CPU.ActiveCfg = Debug|Any CPU
		{4A10228C-E64B-481E-B1B2-733F15F843B9}.Debug|Any CPU.Build.0 = Debug|Any CPU
		{4A10228C-E64B-481E-B1B2-733F15F843B9}.Release|Any CPU.ActiveCfg = Release|Any CPU
		{4A10228C-E64B-481E-B1B2-733F15F843B9}.Release|Any CPU.Build.0 = Release|Any CPU
	EndGlobalSection
	GlobalSection(SolutionProperties) = preSolution
		HideSolutionNode = FALSE
	EndGlobalSection
	GlobalSection(ExtensibilityGlobals) = postSolution
		SolutionGuid = {A5FCEFC0-D4F3-48E4-9ED1-900545D296F2}
	EndGlobalSection
EndGlobal
