
Microsoft Visual Studio Solution File, Format Version 12.00
# Visual Studio Version 17
VisualStudioVersion = 17.1.32210.238
MinimumVisualStudioVersion = 10.0.40219.1
Project("{FAE04EC0-301F-11D3-BF4B-00C04F79EFBC}") = "Week12_C_3", "Week12_C_3\Week12_C_3.csproj", "{79FF6DFF-E217-4EF0-A98D-EEA03229068C}"
EndProject
Global
	GlobalSection(SolutionConfigurationPlatforms) = preSolution
		Debug|Any CPU = Debug|Any CPU
		Release|Any CPU = Release|Any CPU
	EndGlobalSection
	GlobalSection(ProjectConfigurationPlatforms) = postSolution
		{79FF6DFF-E217-4EF0-A98D-EEA03229068C}.Debug|Any CPU.ActiveCfg = Debug|Any CPU
		{79FF6DFF-E217-4EF0-A98D-EEA03229068C}.Debug|Any CPU.Build.0 = Debug|Any CPU
		{79FF6DFF-E217-4EF0-A98D-EEA03229068C}.Release|Any CPU.ActiveCfg = Release|Any CPU
		{79FF6DFF-E217-4EF0-A98D-EEA03229068C}.Release|Any CPU.Build.0 = Release|Any CPU
	EndGlobalSection
	GlobalSection(SolutionProperties) = preSolution
		HideSolutionNode = FALSE
	EndGlobalSection
	GlobalSection(ExtensibilityGlobals) = postSolution
		SolutionGuid = {5E81FE3F-F14D-44A9-A142-8BC24AD72DBD}
	EndGlobalSection
EndGlobal
